
Microsoft Visual Studio Solution File, Format Version 12.00
# Visual Studio 14
VisualStudioVersion = 14.0.25420.1
MinimumVisualStudioVersion = 10.0.40219.1
Project("{FAE04EC0-301F-11D3-BF4B-00C04F79EFBC}") = "Trend Your Shop REPRISE", "Trend Your Shop REPRISE\Trend Your Shop REPRISE.csproj", "{80D41BFA-F982-4130-8E83-BD7FCF57FD9A}"
EndProject
Global
	GlobalSection(SolutionConfigurationPlatforms) = preSolution
		Debug|Any CPU = Debug|Any CPU
		Release|Any CPU = Release|Any CPU
	EndGlobalSection
	GlobalSection(ProjectConfigurationPlatforms) = postSolution
		{80D41BFA-F982-4130-8E83-BD7FCF57FD9A}.Debug|Any CPU.ActiveCfg = Debug|Any CPU
		{80D41BFA-F982-4130-8E83-BD7FCF57FD9A}.Debug|Any CPU.Build.0 = Debug|Any CPU
		{80D41BFA-F982-4130-8E83-BD7FCF57FD9A}.Release|Any CPU.ActiveCfg = Release|Any CPU
		{80D41BFA-F982-4130-8E83-BD7FCF57FD9A}.Release|Any CPU.Build.0 = Release|Any CPU
	EndGlobalSection
	GlobalSection(SolutionProperties) = preSolution
		HideSolutionNode = FALSE
	EndGlobalSection
EndGlobal
